<?xml version="1.0" encoding="utf-8"?>
<Project ToolsVersion="4.0" xmlns="http://schemas.microsoft.com/developer/msbuild/2003">
  <ItemGroup>
    <Filter Include="Исходные файлы">
      <UniqueIdentifier>{4FC737F1-C7A5-4376-A066-2A32D752A2FF}</UniqueIdentifier>
      <Extensions>cpp;c;cc;cxx;def;odl;idl;hpj;bat;asm;asmx</Extensions>
    </Filter>
    <Filter Include="Файлы заголовков">
      <UniqueIdentifier>{93995380-89BD-4b04-88EB-625FBE52EBFB}</UniqueIdentifier>
      <Extensions>h;hh;hpp;hxx;hm;inl;inc;ipp;xsd</Extensions>
    </Filter>
    <Filter Include="Файлы ресурсов">
      <UniqueIdentifier>{67DA6AB6-F800-4c08-8B7A-83BB121AAD01}</UniqueIdentifier>
      <Extensions>rc;ico;cur;bmp;dlg;rc2;rct;bin;rgs;gif;jpg;jpeg;jpe;resx;tiff;tif;png;wav;mfcribbon-ms</Extensions>
    </Filter>
    <Filter Include="api">
      <UniqueIdentifier>{a9695745-c439-4acc-81b1-5c36f8b434d9}</UniqueIdentifier>
    </Filter>
    <Filter Include="define">
      <UniqueIdentifier>{6cd4550f-57b9-4e67-93ea-c50e7e160389}</UniqueIdentifier>
    </Filter>
    <Filter Include="driver">
      <UniqueIdentifier>{cba38fdc-d3f0-4d79-912e-2a3ca2db764e}</UniqueIdentifier>
    </Filter>
    <Filter Include="inject">
      <UniqueIdentifier>{f22c3326-6a1a-41d6-9185-5153a28031c8}</UniqueIdentifier>
    </Filter>
  </ItemGroup>
  <ItemGroup>
    <ClInclude Include="api\api.h">
      <Filter>api</Filter>
    </ClInclude>
    <ClInclude Include="api\drvutils.h">
      <Filter>api</Filter>
    </ClInclude>
    <ClInclude Include="api\shellcode.h">
      <Filter>api</Filter>
    </ClInclude>
    <ClInclude Include="api\utilit.h">
      <Filter>api</Filter>
    </ClInclude>
    <ClInclude Include="define\stdafx.h">
      <Filter>define</Filter>
    </ClInclude>
    <ClInclude Include="inject\injector.h">
      <Filter>inject</Filter>
    </ClInclude>
    <ClInclude Include="inject\utils.h">
      <Filter>inject</Filter>
    </ClInclude>
    <ClInclude Include="driver\defines.h">
      <Filter>driver</Filter>
    </ClInclude>
    <ClInclude Include="driver\driver.h">
      <Filter>driver</Filter>
    </ClInclude>
    <ClInclude Include="api\xor.h">
      <Filter>api</Filter>
    </ClInclude>
  </ItemGroup>
  <ItemGroup>
    <ClCompile Include="driver\driver.cpp">
      <Filter>driver</Filter>
    </ClCompile>
    <ClCompile Include="main.cpp">
      <Filter>Исходные файлы</Filter>
    </ClCompile>
  </ItemGroup>
</Project>